<?xml version="1.0" encoding="utf-8"?>
<Project ToolsVersion="4.0" xmlns="http://schemas.microsoft.com/developer/msbuild/2003">
  <ItemGroup>
    <Filter Include="源文件">
      <UniqueIdentifier>{4FC737F1-C7A5-4376-A066-2A32D752A2FF}</UniqueIdentifier>
      <Extensions>cpp;c;cc;cxx;def;odl;idl;hpj;bat;asm;asmx</Extensions>
    </Filter>
    <Filter Include="头文件">
      <UniqueIdentifier>{93995380-89BD-4b04-88EB-625FBE52EBFB}</UniqueIdentifier>
      <Extensions>h;hpp;hxx;hm;inl;inc;xsd</Extensions>
    </Filter>
    <Filter Include="资源文件">
      <UniqueIdentifier>{67DA6AB6-F800-4c08-8B7A-83BB121AAD01}</UniqueIdentifier>
      <Extensions>rc;ico;cur;bmp;dlg;rc2;rct;bin;rgs;gif;jpg;jpeg;jpe;resx;tiff;tif;png;wav;mfcribbon-ms</Extensions>
    </Filter>
  </ItemGroup>
  <ItemGroup>
    <None Include="ReadMe.txt" />
  </ItemGroup>
  <ItemGroup>
    <ClCompile Include="..\..\ASN1C_0929_forD2D\src\asn1c_src\asn_application.c">
      <Filter>源文件</Filter>
    </ClCompile>
    <ClCompile Include="..\..\ASN1C_0929_forD2D\src\asn1c_src\asn_bit_data.c">
      <Filter>源文件</Filter>
    </ClCompile>
    <ClCompile Include="..\..\ASN1C_0929_forD2D\src\asn1c_src\asn_codecs_prim.c">
      <Filter>源文件</Filter>
    </ClCompile>
    <ClCompile Include="..\..\ASN1C_0929_forD2D\src\asn1c_src\asn_internal.c">
      <Filter>源文件</Filter>
    </ClCompile>
    <ClCompile Include="..\..\ASN1C_0929_forD2D\src\asn1c_src\asn_random_fill.c">
      <Filter>源文件</Filter>
    </ClCompile>
    <ClCompile Include="..\..\ASN1C_0929_forD2D\src\asn1c_src\ber_decoder.c">
      <Filter>源文件</Filter>
    </ClCompile>
    <ClCompile Include="..\..\ASN1C_0929_forD2D\src\asn1c_src\ber_tlv_length.c">
      <Filter>源文件</Filter>
    </ClCompile>
    <ClCompile Include="..\..\ASN1C_0929_forD2D\src\asn1c_src\ber_tlv_tag.c">
      <Filter>源文件</Filter>
    </ClCompile>
    <ClCompile Include="..\..\ASN1C_0929_forD2D\src\asn1c_src\BIT_STRING.c">
      <Filter>源文件</Filter>
    </ClCompile>
    <ClCompile Include="..\..\ASN1C_0929_forD2D\src\asn1c_src\constr_CHOICE.c">
      <Filter>源文件</Filter>
    </ClCompile>
    <ClCompile Include="..\..\ASN1C_0929_forD2D\src\asn1c_src\constr_SEQUENCE.c">
      <Filter>源文件</Filter>
    </ClCompile>
    <ClCompile Include="..\..\ASN1C_0929_forD2D\src\asn1c_src\constr_TYPE.c">
      <Filter>源文件</Filter>
    </ClCompile>
    <ClCompile Include="..\..\ASN1C_0929_forD2D\src\asn1c_src\constraints.c">
      <Filter>源文件</Filter>
    </ClCompile>
    <ClCompile Include="..\..\ASN1C_0929_forD2D\src\asn1c_src\der_encoder.c">
      <Filter>源文件</Filter>
    </ClCompile>
    <ClCompile Include="..\..\ASN1C_0929_forD2D\src\asn1c_src\INTEGER.c">
      <Filter>源文件</Filter>
    </ClCompile>
    <ClCompile Include="..\..\ASN1C_0929_forD2D\src\asn1c_src\NativeInteger.c">
      <Filter>源文件</Filter>
    </ClCompile>
    <ClCompile Include="..\..\ASN1C_0929_forD2D\src\asn1c_src\OCTET_STRING.c">
      <Filter>源文件</Filter>
    </ClCompile>
    <ClCompile Include="..\..\ASN1C_0929_forD2D\src\asn1c_src\OPEN_TYPE.c">
      <Filter>源文件</Filter>
    </ClCompile>
    <ClCompile Include="..\..\ASN1C_0929_forD2D\src\asn1c_src\per_decoder.c">
      <Filter>源文件</Filter>
    </ClCompile>
    <ClCompile Include="..\..\ASN1C_0929_forD2D\src\asn1c_src\per_encoder.c">
      <Filter>源文件</Filter>
    </ClCompile>
    <ClCompile Include="..\..\ASN1C_0929_forD2D\src\asn1c_src\per_opentype.c">
      <Filter>源文件</Filter>
    </ClCompile>
    <ClCompile Include="..\..\ASN1C_0929_forD2D\src\asn1c_src\per_support.c">
      <Filter>源文件</Filter>
    </ClCompile>
    <ClCompile Include="..\..\ASN1C_0929_forD2D\src\asn1c_src\Rectangle.c">
      <Filter>源文件</Filter>
    </ClCompile>
    <ClCompile Include="..\..\ASN1C_0929_forD2D\src\asn1c_src\xer_decoder.c">
      <Filter>源文件</Filter>
    </ClCompile>
    <ClCompile Include="..\..\ASN1C_0929_forD2D\src\asn1c_src\xer_encoder.c">
      <Filter>源文件</Filter>
    </ClCompile>
    <ClCompile Include="..\..\ASN1C_0929_forD2D\src\asn1c_src\xer_support.c">
      <Filter>源文件</Filter>
    </ClCompile>
    <ClCompile Include="..\..\ASN1C_0929_forD2D\src\rrc_src\PDCCH-ConfigCommon.c">
      <Filter>源文件</Filter>
    </ClCompile>
    <ClCompile Include="..\..\ASN1C_0929_forD2D\src\rrc_src\SIB-PDCCH-Config.c">
      <Filter>源文件</Filter>
    </ClCompile>
    <ClCompile Include="main.c">
      <Filter>源文件</Filter>
    </ClCompile>
    <ClCompile Include="..\..\ASN1C_0929_forD2D\src\asn1c_src\NativeEnumerated.c">
      <Filter>源文件</Filter>
    </ClCompile>
    <ClCompile Include="rrc_msg_asn1c_func.c">
      <Filter>源文件</Filter>
    </ClCompile>
    <ClCompile Include="..\..\ASN1C_0929_forD2D\src\rrc_src\P-Max.c">
      <Filter>源文件</Filter>
    </ClCompile>
    <ClCompile Include="E:\work\eclipse_workspace\D2D_project_github\D2D_project\protocol\RRC\src\asn1c_src\asn_SEQUENCE_OF.c">
      <Filter>源文件</Filter>
    </ClCompile>
    <ClCompile Include="E:\work\eclipse_workspace\D2D_project_github\D2D_project\protocol\RRC\src\asn1c_src\asn_SET_OF.c">
      <Filter>源文件</Filter>
    </ClCompile>
    <ClCompile Include="E:\work\eclipse_workspace\D2D_project_github\D2D_project\protocol\RRC\src\asn1c_src\BOOLEAN.c">
      <Filter>源文件</Filter>
    </ClCompile>
    <ClCompile Include="E:\work\eclipse_workspace\D2D_project_github\D2D_project\protocol\RRC\src\Carrier.c">
      <Filter>源文件</Filter>
    </ClCompile>
    <ClCompile Include="E:\work\eclipse_workspace\D2D_project_github\D2D_project\protocol\RRC\src\DL-AM-RLC.c">
      <Filter>源文件</Filter>
    </ClCompile>
    <ClCompile Include="E:\work\eclipse_workspace\D2D_project_github\D2D_project\protocol\RRC\src\DL-UM-RLC.c">
      <Filter>源文件</Filter>
    </ClCompile>
    <ClCompile Include="E:\work\eclipse_workspace\D2D_project_github\D2D_project\protocol\RRC\src\DRB-Identity.c">
      <Filter>源文件</Filter>
    </ClCompile>
    <ClCompile Include="E:\work\eclipse_workspace\D2D_project_github\D2D_project\protocol\RRC\src\DRB-ToAddMod.c">
      <Filter>源文件</Filter>
    </ClCompile>
    <ClCompile Include="E:\work\eclipse_workspace\D2D_project_github\D2D_project\protocol\RRC\src\DRB-ToAddModList.c">
      <Filter>源文件</Filter>
    </ClCompile>
    <ClCompile Include="E:\work\eclipse_workspace\D2D_project_github\D2D_project\protocol\RRC\src\DRB-ToReleaseList.c">
      <Filter>源文件</Filter>
    </ClCompile>
    <ClCompile Include="E:\work\eclipse_workspace\D2D_project_github\D2D_project\protocol\RRC\src\LogicChannelConfig.c">
      <Filter>源文件</Filter>
    </ClCompile>
    <ClCompile Include="E:\work\eclipse_workspace\D2D_project_github\D2D_project\protocol\RRC\src\LOGICCHENNEL-Identity.c">
      <Filter>源文件</Filter>
    </ClCompile>
    <ClCompile Include="E:\work\eclipse_workspace\D2D_project_github\D2D_project\protocol\RRC\src\MacConfig.c">
      <Filter>源文件</Filter>
    </ClCompile>
    <ClCompile Include="E:\work\eclipse_workspace\D2D_project_github\D2D_project\protocol\RRC\src\PdschDedicateConfig.c">
      <Filter>源文件</Filter>
    </ClCompile>
    <ClCompile Include="E:\work\eclipse_workspace\D2D_project_github\D2D_project\protocol\RRC\src\P-Max.c">
      <Filter>源文件</Filter>
    </ClCompile>
    <ClCompile Include="E:\work\eclipse_workspace\D2D_project_github\D2D_project\protocol\RRC\src\PollByte.c">
      <Filter>源文件</Filter>
    </ClCompile>
    <ClCompile Include="E:\work\eclipse_workspace\D2D_project_github\D2D_project\protocol\RRC\src\PollByte-r14.c">
      <Filter>源文件</Filter>
    </ClCompile>
    <ClCompile Include="E:\work\eclipse_workspace\D2D_project_github\D2D_project\protocol\RRC\src\PollPDU.c">
      <Filter>源文件</Filter>
    </ClCompile>
    <ClCompile Include="E:\work\eclipse_workspace\D2D_project_github\D2D_project\protocol\RRC\src\PollPDU-v1310.c">
      <Filter>源文件</Filter>
    </ClCompile>
    <ClCompile Include="E:\work\eclipse_workspace\D2D_project_github\D2D_project\protocol\RRC\src\PuschHoppingConfig.c">
      <Filter>源文件</Filter>
    </ClCompile>
    <ClCompile Include="E:\work\eclipse_workspace\D2D_project_github\D2D_project\protocol\RRC\src\RadioResourceConfigCommonSIB.c">
      <Filter>源文件</Filter>
    </ClCompile>
    <ClCompile Include="E:\work\eclipse_workspace\D2D_project_github\D2D_project\protocol\RRC\src\RadioResourceConfigDedicate.c">
      <Filter>源文件</Filter>
    </ClCompile>
    <ClCompile Include="E:\work\eclipse_workspace\D2D_project_github\D2D_project\protocol\RRC\src\RLC-Config.c">
      <Filter>源文件</Filter>
    </ClCompile>
    <ClCompile Include="E:\work\eclipse_workspace\D2D_project_github\D2D_project\protocol\RRC\src\RRCConnectionRelease.c">
      <Filter>源文件</Filter>
    </ClCompile>
    <ClCompile Include="E:\work\eclipse_workspace\D2D_project_github\D2D_project\protocol\RRC\src\RRCConnectionRequest.c">
      <Filter>源文件</Filter>
    </ClCompile>
    <ClCompile Include="E:\work\eclipse_workspace\D2D_project_github\D2D_project\protocol\RRC\src\RRCConnectionSetup.c">
      <Filter>源文件</Filter>
    </ClCompile>
    <ClCompile Include="E:\work\eclipse_workspace\D2D_project_github\D2D_project\protocol\RRC\src\SN-FieldLength.c">
      <Filter>源文件</Filter>
    </ClCompile>
    <ClCompile Include="E:\work\eclipse_workspace\D2D_project_github\D2D_project\protocol\RRC\src\SRB-Identity.c">
      <Filter>源文件</Filter>
    </ClCompile>
    <ClCompile Include="E:\work\eclipse_workspace\D2D_project_github\D2D_project\protocol\RRC\src\SRB-ToAddMod.c">
      <Filter>源文件</Filter>
    </ClCompile>
    <ClCompile Include="E:\work\eclipse_workspace\D2D_project_github\D2D_project\protocol\RRC\src\SRB-ToAddModList.c">
      <Filter>源文件</Filter>
    </ClCompile>
    <ClCompile Include="E:\work\eclipse_workspace\D2D_project_github\D2D_project\protocol\RRC\src\T-PollRetransmit.c">
      <Filter>源文件</Filter>
    </ClCompile>
    <ClCompile Include="E:\work\eclipse_workspace\D2D_project_github\D2D_project\protocol\RRC\src\T-Reordering.c">
      <Filter>源文件</Filter>
    </ClCompile>
    <ClCompile Include="E:\work\eclipse_workspace\D2D_project_github\D2D_project\protocol\RRC\src\T-StatusProhibit.c">
      <Filter>源文件</Filter>
    </ClCompile>
    <ClCompile Include="E:\work\eclipse_workspace\D2D_project_github\D2D_project\protocol\RRC\src\UL-AM-RLC.c">
      <Filter>源文件</Filter>
    </ClCompile>
    <ClCompile Include="E:\work\eclipse_workspace\D2D_project_github\D2D_project\protocol\RRC\src\UlRefSigConfig-PUSCH.c">
      <Filter>源文件</Filter>
    </ClCompile>
    <ClCompile Include="E:\work\eclipse_workspace\D2D_project_github\D2D_project\protocol\RRC\src\UL-UM-RLC.c">
      <Filter>源文件</Filter>
    </ClCompile>
    <ClCompile Include="E:\work\eclipse_workspace\D2D_project_github\D2D_project\protocol\RRC\src\MasterInformationBlock.c">
      <Filter>源文件</Filter>
    </ClCompile>
    <ClCompile Include="E:\work\eclipse_workspace\D2D_project_github\D2D_project\protocol\RRC\src\SystemInformationBlockType1.c">
      <Filter>源文件</Filter>
    </ClCompile>
    <ClCompile Include="E:\work\eclipse_workspace\D2D_project_github\D2D_project\protocol\RRC\src\TDD-Config.c">
      <Filter>源文件</Filter>
    </ClCompile>
    <ClCompile Include="E:\work\eclipse_workspace\D2D_project_github\D2D_project\protocol\RRC\src\asn1c_src\constr_SET_OF.c">
      <Filter>源文件</Filter>
    </ClCompile>
    <ClCompile Include="E:\work\eclipse_workspace\D2D_project_github\D2D_project\protocol\RRC\src\asn1c_src\constr_SEQUENCE_OF.c">
      <Filter>源文件</Filter>
    </ClCompile>
  </ItemGroup>
  <ItemGroup>
    <ClInclude Include="..\..\ASN1C_0929_forD2D\inc\asn1c_inc\asn_application.h">
      <Filter>头文件</Filter>
    </ClInclude>
    <ClInclude Include="..\..\ASN1C_0929_forD2D\inc\asn1c_inc\asn_bit_data.h">
      <Filter>头文件</Filter>
    </ClInclude>
    <ClInclude Include="..\..\ASN1C_0929_forD2D\inc\asn1c_inc\asn_codecs.h">
      <Filter>头文件</Filter>
    </ClInclude>
    <ClInclude Include="..\..\ASN1C_0929_forD2D\inc\asn1c_inc\asn_codecs_prim.h">
      <Filter>头文件</Filter>
    </ClInclude>
    <ClInclude Include="..\..\ASN1C_0929_forD2D\inc\asn1c_inc\asn_internal.h">
      <Filter>头文件</Filter>
    </ClInclude>
    <ClInclude Include="..\..\ASN1C_0929_forD2D\inc\asn1c_inc\asn_ioc.h">
      <Filter>头文件</Filter>
    </ClInclude>
    <ClInclude Include="..\..\ASN1C_0929_forD2D\inc\asn1c_inc\asn_random_fill.h">
      <Filter>头文件</Filter>
    </ClInclude>
    <ClInclude Include="..\..\ASN1C_0929_forD2D\inc\asn1c_inc\asn_system.h">
      <Filter>头文件</Filter>
    </ClInclude>
    <ClInclude Include="..\..\ASN1C_0929_forD2D\inc\asn1c_inc\ber_decoder.h">
      <Filter>头文件</Filter>
    </ClInclude>
    <ClInclude Include="..\..\ASN1C_0929_forD2D\inc\asn1c_inc\ber_tlv_length.h">
      <Filter>头文件</Filter>
    </ClInclude>
    <ClInclude Include="..\..\ASN1C_0929_forD2D\inc\asn1c_inc\ber_tlv_tag.h">
      <Filter>头文件</Filter>
    </ClInclude>
    <ClInclude Include="..\..\ASN1C_0929_forD2D\inc\asn1c_inc\BIT_STRING.h">
      <Filter>头文件</Filter>
    </ClInclude>
    <ClInclude Include="..\..\ASN1C_0929_forD2D\inc\asn1c_inc\constr_CHOICE.h">
      <Filter>头文件</Filter>
    </ClInclude>
    <ClInclude Include="..\..\ASN1C_0929_forD2D\inc\asn1c_inc\constr_SEQUENCE.h">
      <Filter>头文件</Filter>
    </ClInclude>
    <ClInclude Include="..\..\ASN1C_0929_forD2D\inc\asn1c_inc\constr_TYPE.h">
      <Filter>头文件</Filter>
    </ClInclude>
    <ClInclude Include="..\..\ASN1C_0929_forD2D\inc\asn1c_inc\constraints.h">
      <Filter>头文件</Filter>
    </ClInclude>
    <ClInclude Include="..\..\ASN1C_0929_forD2D\inc\asn1c_inc\der_encoder.h">
      <Filter>头文件</Filter>
    </ClInclude>
    <ClInclude Include="..\..\ASN1C_0929_forD2D\inc\asn1c_inc\INTEGER.h">
      <Filter>头文件</Filter>
    </ClInclude>
    <ClInclude Include="..\..\ASN1C_0929_forD2D\inc\asn1c_inc\NativeInteger.h">
      <Filter>头文件</Filter>
    </ClInclude>
    <ClInclude Include="..\..\ASN1C_0929_forD2D\inc\asn1c_inc\OCTET_STRING.h">
      <Filter>头文件</Filter>
    </ClInclude>
    <ClInclude Include="..\..\ASN1C_0929_forD2D\inc\asn1c_inc\OPEN_TYPE.h">
      <Filter>头文件</Filter>
    </ClInclude>
    <ClInclude Include="..\..\ASN1C_0929_forD2D\inc\asn1c_inc\per_decoder.h">
      <Filter>头文件</Filter>
    </ClInclude>
    <ClInclude Include="..\..\ASN1C_0929_forD2D\inc\asn1c_inc\per_encoder.h">
      <Filter>头文件</Filter>
    </ClInclude>
    <ClInclude Include="..\..\ASN1C_0929_forD2D\inc\asn1c_inc\per_opentype.h">
      <Filter>头文件</Filter>
    </ClInclude>
    <ClInclude Include="..\..\ASN1C_0929_forD2D\inc\asn1c_inc\per_support.h">
      <Filter>头文件</Filter>
    </ClInclude>
    <ClInclude Include="..\..\ASN1C_0929_forD2D\inc\asn1c_inc\Rectangle.h">
      <Filter>头文件</Filter>
    </ClInclude>
    <ClInclude Include="..\..\ASN1C_0929_forD2D\inc\asn1c_inc\xer_decoder.h">
      <Filter>头文件</Filter>
    </ClInclude>
    <ClInclude Include="..\..\ASN1C_0929_forD2D\inc\asn1c_inc\xer_encoder.h">
      <Filter>头文件</Filter>
    </ClInclude>
    <ClInclude Include="..\..\ASN1C_0929_forD2D\inc\asn1c_inc\xer_support.h">
      <Filter>头文件</Filter>
    </ClInclude>
    <ClInclude Include="..\..\ASN1C_0929_forD2D\inc\rrc_inc\SIB-PDCCH-Config.h">
      <Filter>头文件</Filter>
    </ClInclude>
    <ClInclude Include="..\..\ASN1C_0929_forD2D\inc\asn1c_inc\NativeEnumerated.h">
      <Filter>头文件</Filter>
    </ClInclude>
    <ClInclude Include="..\..\ASN1C_0929_forD2D\inc\rrc_inc\P-Max.h">
      <Filter>头文件</Filter>
    </ClInclude>
    <ClInclude Include="E:\work\eclipse_workspace\D2D_project_github\D2D_project\protocol\RRC\inc\asn1c_inc\asn_SEQUENCE_OF.h">
      <Filter>头文件</Filter>
    </ClInclude>
    <ClInclude Include="E:\work\eclipse_workspace\D2D_project_github\D2D_project\protocol\RRC\inc\asn1c_inc\asn_SET_OF.h">
      <Filter>头文件</Filter>
    </ClInclude>
    <ClInclude Include="E:\work\eclipse_workspace\D2D_project_github\D2D_project\protocol\RRC\inc\asn1c_inc\BOOLEAN.h">
      <Filter>头文件</Filter>
    </ClInclude>
    <ClInclude Include="E:\work\eclipse_workspace\D2D_project_github\D2D_project\protocol\RRC\inc\Carrier.h">
      <Filter>头文件</Filter>
    </ClInclude>
    <ClInclude Include="E:\work\eclipse_workspace\D2D_project_github\D2D_project\protocol\RRC\inc\DL-AM-RLC.h">
      <Filter>头文件</Filter>
    </ClInclude>
    <ClInclude Include="E:\work\eclipse_workspace\D2D_project_github\D2D_project\protocol\RRC\inc\DL-UM-RLC.h">
      <Filter>头文件</Filter>
    </ClInclude>
    <ClInclude Include="E:\work\eclipse_workspace\D2D_project_github\D2D_project\protocol\RRC\inc\DRB-Identity.h">
      <Filter>头文件</Filter>
    </ClInclude>
    <ClInclude Include="E:\work\eclipse_workspace\D2D_project_github\D2D_project\protocol\RRC\inc\DRB-ToAddMod.h">
      <Filter>头文件</Filter>
    </ClInclude>
    <ClInclude Include="E:\work\eclipse_workspace\D2D_project_github\D2D_project\protocol\RRC\inc\DRB-ToAddModList.h">
      <Filter>头文件</Filter>
    </ClInclude>
    <ClInclude Include="E:\work\eclipse_workspace\D2D_project_github\D2D_project\protocol\RRC\inc\DRB-ToReleaseList.h">
      <Filter>头文件</Filter>
    </ClInclude>
    <ClInclude Include="E:\work\eclipse_workspace\D2D_project_github\D2D_project\protocol\RRC\inc\LogicChannelConfig.h">
      <Filter>头文件</Filter>
    </ClInclude>
    <ClInclude Include="E:\work\eclipse_workspace\D2D_project_github\D2D_project\protocol\RRC\inc\LOGICCHENNEL-Identity.h">
      <Filter>头文件</Filter>
    </ClInclude>
    <ClInclude Include="E:\work\eclipse_workspace\D2D_project_github\D2D_project\protocol\RRC\inc\MacConfig.h">
      <Filter>头文件</Filter>
    </ClInclude>
    <ClInclude Include="E:\work\eclipse_workspace\D2D_project_github\D2D_project\protocol\RRC\inc\MasterInformationBlock.h">
      <Filter>头文件</Filter>
    </ClInclude>
    <ClInclude Include="E:\work\eclipse_workspace\D2D_project_github\D2D_project\protocol\RRC\inc\PdschDedicateConfig.h">
      <Filter>头文件</Filter>
    </ClInclude>
    <ClInclude Include="E:\work\eclipse_workspace\D2D_project_github\D2D_project\protocol\RRC\inc\P-Max.h">
      <Filter>头文件</Filter>
    </ClInclude>
    <ClInclude Include="E:\work\eclipse_workspace\D2D_project_github\D2D_project\protocol\RRC\inc\PollByte.h">
      <Filter>头文件</Filter>
    </ClInclude>
    <ClInclude Include="E:\work\eclipse_workspace\D2D_project_github\D2D_project\protocol\RRC\inc\PollByte-r14.h">
      <Filter>头文件</Filter>
    </ClInclude>
    <ClInclude Include="E:\work\eclipse_workspace\D2D_project_github\D2D_project\protocol\RRC\inc\PollPDU.h">
      <Filter>头文件</Filter>
    </ClInclude>
    <ClInclude Include="E:\work\eclipse_workspace\D2D_project_github\D2D_project\protocol\RRC\inc\PollPDU-v1310.h">
      <Filter>头文件</Filter>
    </ClInclude>
    <ClInclude Include="E:\work\eclipse_workspace\D2D_project_github\D2D_project\protocol\RRC\inc\PuschHoppingConfig.h">
      <Filter>头文件</Filter>
    </ClInclude>
    <ClInclude Include="E:\work\eclipse_workspace\D2D_project_github\D2D_project\protocol\RRC\inc\RadioResourceConfigCommonSIB.h">
      <Filter>头文件</Filter>
    </ClInclude>
    <ClInclude Include="E:\work\eclipse_workspace\D2D_project_github\D2D_project\protocol\RRC\inc\RadioResourceConfigDedicate.h">
      <Filter>头文件</Filter>
    </ClInclude>
    <ClInclude Include="E:\work\eclipse_workspace\D2D_project_github\D2D_project\protocol\RRC\inc\RLC-Config.h">
      <Filter>头文件</Filter>
    </ClInclude>
    <ClInclude Include="E:\work\eclipse_workspace\D2D_project_github\D2D_project\protocol\RRC\inc\RRCConnectionRelease.h">
      <Filter>头文件</Filter>
    </ClInclude>
    <ClInclude Include="E:\work\eclipse_workspace\D2D_project_github\D2D_project\protocol\RRC\inc\RRCConnectionRequest.h">
      <Filter>头文件</Filter>
    </ClInclude>
    <ClInclude Include="E:\work\eclipse_workspace\D2D_project_github\D2D_project\protocol\RRC\inc\RRCConnectionSetup.h">
      <Filter>头文件</Filter>
    </ClInclude>
    <ClInclude Include="E:\work\eclipse_workspace\D2D_project_github\D2D_project\protocol\RRC\inc\SN-FieldLength.h">
      <Filter>头文件</Filter>
    </ClInclude>
    <ClInclude Include="E:\work\eclipse_workspace\D2D_project_github\D2D_project\protocol\RRC\inc\SRB-Identity.h">
      <Filter>头文件</Filter>
    </ClInclude>
    <ClInclude Include="E:\work\eclipse_workspace\D2D_project_github\D2D_project\protocol\RRC\inc\SRB-ToAddMod.h">
      <Filter>头文件</Filter>
    </ClInclude>
    <ClInclude Include="E:\work\eclipse_workspace\D2D_project_github\D2D_project\protocol\RRC\inc\SRB-ToAddModList.h">
      <Filter>头文件</Filter>
    </ClInclude>
    <ClInclude Include="E:\work\eclipse_workspace\D2D_project_github\D2D_project\protocol\RRC\inc\SystemInformationBlockType1.h">
      <Filter>头文件</Filter>
    </ClInclude>
    <ClInclude Include="E:\work\eclipse_workspace\D2D_project_github\D2D_project\protocol\RRC\inc\T-PollRetransmit.h">
      <Filter>头文件</Filter>
    </ClInclude>
    <ClInclude Include="E:\work\eclipse_workspace\D2D_project_github\D2D_project\protocol\RRC\inc\T-Reordering.h">
      <Filter>头文件</Filter>
    </ClInclude>
    <ClInclude Include="E:\work\eclipse_workspace\D2D_project_github\D2D_project\protocol\RRC\inc\T-StatusProhibit.h">
      <Filter>头文件</Filter>
    </ClInclude>
    <ClInclude Include="E:\work\eclipse_workspace\D2D_project_github\D2D_project\protocol\RRC\inc\UL-AM-RLC.h">
      <Filter>头文件</Filter>
    </ClInclude>
    <ClInclude Include="E:\work\eclipse_workspace\D2D_project_github\D2D_project\protocol\RRC\inc\UlRefSigConfig-PUSCH.h">
      <Filter>头文件</Filter>
    </ClInclude>
    <ClInclude Include="E:\work\eclipse_workspace\D2D_project_github\D2D_project\protocol\RRC\inc\UL-UM-RLC.h">
      <Filter>头文件</Filter>
    </ClInclude>
    <ClInclude Include="E:\work\eclipse_workspace\D2D_project_github\D2D_project\protocol\RRC\inc\TDD-Config.h">
      <Filter>头文件</Filter>
    </ClInclude>
    <ClInclude Include="E:\work\eclipse_workspace\D2D_project_github\D2D_project\protocol\RRC\inc\asn1c_inc\constr_SET_OF.h">
      <Filter>头文件</Filter>
    </ClInclude>
    <ClInclude Include="E:\work\eclipse_workspace\D2D_project_github\D2D_project\protocol\RRC\inc\asn1c_inc\constr_SEQUENCE_OF.h">
      <Filter>头文件</Filter>
    </ClInclude>
  </ItemGroup>
</Project>